
Microsoft Visual Studio Solution File, Format Version 12.00
# Visual Studio Version 17
VisualStudioVersion = 17.4.33213.308
MinimumVisualStudioVersion = 10.0.40219.1
Project("{FAE04EC0-301F-11D3-BF4B-00C04F79EFBC}") = "LaLibreríaOnline.com", "LaLibreríaOnline.com\LaLibreríaOnline.com.csproj", "{75E4A53D-C4D2-4C2A-B87B-6154C774C303}"
EndProject
Global
	GlobalSection(SolutionConfigurationPlatforms) = preSolution
		Debug|Any CPU = Debug|Any CPU
		Release|Any CPU = Release|Any CPU
	EndGlobalSection
	GlobalSection(ProjectConfigurationPlatforms) = postSolution
		{75E4A53D-C4D2-4C2A-B87B-6154C774C303}.Debug|Any CPU.ActiveCfg = Debug|Any CPU
		{75E4A53D-C4D2-4C2A-B87B-6154C774C303}.Debug|Any CPU.Build.0 = Debug|Any CPU
		{75E4A53D-C4D2-4C2A-B87B-6154C774C303}.Release|Any CPU.ActiveCfg = Release|Any CPU
		{75E4A53D-C4D2-4C2A-B87B-6154C774C303}.Release|Any CPU.Build.0 = Release|Any CPU
	EndGlobalSection
	GlobalSection(SolutionProperties) = preSolution
		HideSolutionNode = FALSE
	EndGlobalSection
	GlobalSection(ExtensibilityGlobals) = postSolution
		SolutionGuid = {35111B0D-96B7-4BAE-9D27-549F0BD077B9}
	EndGlobalSection
EndGlobal
